
Microsoft Visual Studio Solution File, Format Version 12.00
# Visual Studio 15
VisualStudioVersion = 15.0.27428.1
MinimumVisualStudioVersion = 10.0.40219.1
Project("{9A19103F-16F7-4668-BE54-9A1E7A4F7556}") = "COMMO.Data.Contracts", "src\COMMO.Data.Contracts\COMMO.Data.Contracts.csproj", "{F776D063-DD6F-43E3-8CA7-0E49D385277A}"
EndProject
Project("{9A19103F-16F7-4668-BE54-9A1E7A4F7556}") = "COMMO.Security", "src\COMMO.Security\COMMO.Security.csproj", "{077BDC15-9403-48C1-9370-77EC3AA2436F}"
EndProject
Project("{9A19103F-16F7-4668-BE54-9A1E7A4F7556}") = "COMMO.Server.Data", "src\COMMO.Server.Data\COMMO.Server.Data.csproj", "{C11CE10F-3DF4-4435-8130-DF9FA573C935}"
EndProject
Project("{9A19103F-16F7-4668-BE54-9A1E7A4F7556}") = "COMMO.Data", "src\COMMO.Data\COMMO.Data.csproj", "{CF5104C6-961E-4226-AE7D-51965D6E14C6}"
EndProject
Project("{9A19103F-16F7-4668-BE54-9A1E7A4F7556}") = "COMMO.Utilities", "src\COMMO.Utilities\COMMO.Utilities.csproj", "{FC7AF8BE-AC97-4689-8EFD-7103B312BA65}"
EndProject
Project("{9A19103F-16F7-4668-BE54-9A1E7A4F7556}") = "COMMO.Configuration", "src\COMMO.Configuration\COMMO.Configuration.csproj", "{B7FE78FC-35BD-46F4-B23C-368ABF3EA0DA}"
EndProject
Project("{9A19103F-16F7-4668-BE54-9A1E7A4F7556}") = "COMMO.Communications", "src\COMMO.Communications\COMMO.Communications.csproj", "{347AEFEE-A4A3-4541-B7EC-19B1506EB5DC}"
EndProject
Project("{9A19103F-16F7-4668-BE54-9A1E7A4F7556}") = "COMMO.Server", "src\COMMO.Server\COMMO.Server.csproj", "{915295F7-3558-449A-9CC9-02F817320555}"
EndProject
Project("{9A19103F-16F7-4668-BE54-9A1E7A4F7556}") = "COMMO.Server.Standalone", "src\COMMO.Server.Standalone\COMMO.Server.Standalone.csproj", "{09C8B3A3-0032-484A-82A7-22ED12E5F230}"
EndProject
Project("{9A19103F-16F7-4668-BE54-9A1E7A4F7556}") = "COMMO.Scheduling", "src\COMMO.Scheduling\COMMO.Scheduling.csproj", "{96AD17E9-2749-4B25-9496-1B03CDAADD4B}"
EndProject
Project("{9A19103F-16F7-4668-BE54-9A1E7A4F7556}") = "COMMO.Scheduling.Tests", "src\COMMO.Scheduling.Tests\COMMO.Scheduling.Tests.csproj", "{F246DBC2-0838-4654-972C-8AA338188550}"
EndProject
Project("{9A19103F-16F7-4668-BE54-9A1E7A4F7556}") = "COMMO.Scheduling.Contracts", "src\COMMO.Scheduling.Contracts\COMMO.Scheduling.Contracts.csproj", "{D9364390-7106-477F-A775-146B9013D613}"
EndProject
Project("{9A19103F-16F7-4668-BE54-9A1E7A4F7556}") = "COMMO.Server.Parsing", "src\COMMO.Server.Parsing\COMMO.Server.Parsing.csproj", "{96F706FE-5077-47FA-89EE-423B8E99F173}"
EndProject
Project("{9A19103F-16F7-4668-BE54-9A1E7A4F7556}") = "COMMO.OTB", "src\COMMO.OTB\COMMO.OTB.csproj", "{EC2F9080-3291-480A-AD4A-77B688B996D5}"
EndProject
Project("{9A19103F-16F7-4668-BE54-9A1E7A4F7556}") = "COMMO.Utilities.Tests", "src\COMMO.Utilities.Tests\COMMO.Utilities.Tests.csproj", "{4C05C9E0-1453-498D-A9E5-15A94DDBC298}"
EndProject
Project("{9A19103F-16F7-4668-BE54-9A1E7A4F7556}") = "COMMO.OTB.Tests", "src\COMMO.OTB.Tests\COMMO.OTB.Tests.csproj", "{25AE710E-7309-40FB-B002-F40675C8BBCE}"
EndProject
Project("{FAE04EC0-301F-11D3-BF4B-00C04F79EFBC}") = "COMMO.Server.Tests", "src\COMMO.Server.Tests\COMMO.Server.Tests.csproj", "{A36C0A12-CDEF-4CBE-B843-36889F57AEA2}"
EndProject
Global
	GlobalSection(SolutionConfigurationPlatforms) = preSolution
		Debug|x64 = Debug|x64
		Release|x64 = Release|x64
	EndGlobalSection
	GlobalSection(ProjectConfigurationPlatforms) = postSolution
		{F776D063-DD6F-43E3-8CA7-0E49D385277A}.Debug|x64.ActiveCfg = Debug|x64
		{F776D063-DD6F-43E3-8CA7-0E49D385277A}.Debug|x64.Build.0 = Debug|x64
		{F776D063-DD6F-43E3-8CA7-0E49D385277A}.Release|x64.ActiveCfg = Release|x64
		{F776D063-DD6F-43E3-8CA7-0E49D385277A}.Release|x64.Build.0 = Release|x64
		{077BDC15-9403-48C1-9370-77EC3AA2436F}.Debug|x64.ActiveCfg = Debug|x64
		{077BDC15-9403-48C1-9370-77EC3AA2436F}.Debug|x64.Build.0 = Debug|x64
		{077BDC15-9403-48C1-9370-77EC3AA2436F}.Release|x64.ActiveCfg = Release|x64
		{077BDC15-9403-48C1-9370-77EC3AA2436F}.Release|x64.Build.0 = Release|x64
		{C11CE10F-3DF4-4435-8130-DF9FA573C935}.Debug|x64.ActiveCfg = Debug|x64
		{C11CE10F-3DF4-4435-8130-DF9FA573C935}.Debug|x64.Build.0 = Debug|x64
		{C11CE10F-3DF4-4435-8130-DF9FA573C935}.Release|x64.ActiveCfg = Release|x64
		{C11CE10F-3DF4-4435-8130-DF9FA573C935}.Release|x64.Build.0 = Release|x64
		{CF5104C6-961E-4226-AE7D-51965D6E14C6}.Debug|x64.ActiveCfg = Debug|x64
		{CF5104C6-961E-4226-AE7D-51965D6E14C6}.Debug|x64.Build.0 = Debug|x64
		{CF5104C6-961E-4226-AE7D-51965D6E14C6}.Release|x64.ActiveCfg = Release|x64
		{CF5104C6-961E-4226-AE7D-51965D6E14C6}.Release|x64.Build.0 = Release|x64
		{FC7AF8BE-AC97-4689-8EFD-7103B312BA65}.Debug|x64.ActiveCfg = Debug|x64
		{FC7AF8BE-AC97-4689-8EFD-7103B312BA65}.Debug|x64.Build.0 = Debug|x64
		{FC7AF8BE-AC97-4689-8EFD-7103B312BA65}.Release|x64.ActiveCfg = Release|x64
		{FC7AF8BE-AC97-4689-8EFD-7103B312BA65}.Release|x64.Build.0 = Release|x64
		{B7FE78FC-35BD-46F4-B23C-368ABF3EA0DA}.Debug|x64.ActiveCfg = Debug|x64
		{B7FE78FC-35BD-46F4-B23C-368ABF3EA0DA}.Debug|x64.Build.0 = Debug|x64
		{B7FE78FC-35BD-46F4-B23C-368ABF3EA0DA}.Release|x64.ActiveCfg = Release|x64
		{B7FE78FC-35BD-46F4-B23C-368ABF3EA0DA}.Release|x64.Build.0 = Release|x64
		{347AEFEE-A4A3-4541-B7EC-19B1506EB5DC}.Debug|x64.ActiveCfg = Debug|x64
		{347AEFEE-A4A3-4541-B7EC-19B1506EB5DC}.Debug|x64.Build.0 = Debug|x64
		{347AEFEE-A4A3-4541-B7EC-19B1506EB5DC}.Release|x64.ActiveCfg = Release|x64
		{347AEFEE-A4A3-4541-B7EC-19B1506EB5DC}.Release|x64.Build.0 = Release|x64
		{915295F7-3558-449A-9CC9-02F817320555}.Debug|x64.ActiveCfg = Debug|x64
		{915295F7-3558-449A-9CC9-02F817320555}.Debug|x64.Build.0 = Debug|x64
		{915295F7-3558-449A-9CC9-02F817320555}.Release|x64.ActiveCfg = Release|x64
		{915295F7-3558-449A-9CC9-02F817320555}.Release|x64.Build.0 = Release|x64
		{09C8B3A3-0032-484A-82A7-22ED12E5F230}.Debug|x64.ActiveCfg = Debug|x64
		{09C8B3A3-0032-484A-82A7-22ED12E5F230}.Debug|x64.Build.0 = Debug|x64
		{09C8B3A3-0032-484A-82A7-22ED12E5F230}.Release|x64.ActiveCfg = Release|x64
		{09C8B3A3-0032-484A-82A7-22ED12E5F230}.Release|x64.Build.0 = Release|x64
		{96AD17E9-2749-4B25-9496-1B03CDAADD4B}.Debug|x64.ActiveCfg = Debug|x64
		{96AD17E9-2749-4B25-9496-1B03CDAADD4B}.Debug|x64.Build.0 = Debug|x64
		{96AD17E9-2749-4B25-9496-1B03CDAADD4B}.Release|x64.ActiveCfg = Release|x64
		{96AD17E9-2749-4B25-9496-1B03CDAADD4B}.Release|x64.Build.0 = Release|x64
		{F246DBC2-0838-4654-972C-8AA338188550}.Debug|x64.ActiveCfg = Debug|x64
		{F246DBC2-0838-4654-972C-8AA338188550}.Debug|x64.Build.0 = Debug|x64
		{F246DBC2-0838-4654-972C-8AA338188550}.Release|x64.ActiveCfg = Release|x64
		{F246DBC2-0838-4654-972C-8AA338188550}.Release|x64.Build.0 = Release|x64
		{D9364390-7106-477F-A775-146B9013D613}.Debug|x64.ActiveCfg = Debug|x64
		{D9364390-7106-477F-A775-146B9013D613}.Debug|x64.Build.0 = Debug|x64
		{D9364390-7106-477F-A775-146B9013D613}.Release|x64.ActiveCfg = Release|x64
		{D9364390-7106-477F-A775-146B9013D613}.Release|x64.Build.0 = Release|x64
		{96F706FE-5077-47FA-89EE-423B8E99F173}.Debug|x64.ActiveCfg = Debug|x64
		{96F706FE-5077-47FA-89EE-423B8E99F173}.Debug|x64.Build.0 = Debug|x64
		{96F706FE-5077-47FA-89EE-423B8E99F173}.Release|x64.ActiveCfg = Release|x64
		{96F706FE-5077-47FA-89EE-423B8E99F173}.Release|x64.Build.0 = Release|x64
		{EC2F9080-3291-480A-AD4A-77B688B996D5}.Debug|x64.ActiveCfg = Debug|x64
		{EC2F9080-3291-480A-AD4A-77B688B996D5}.Debug|x64.Build.0 = Debug|x64
		{EC2F9080-3291-480A-AD4A-77B688B996D5}.Release|x64.ActiveCfg = Release|x64
		{EC2F9080-3291-480A-AD4A-77B688B996D5}.Release|x64.Build.0 = Release|x64
		{4C05C9E0-1453-498D-A9E5-15A94DDBC298}.Debug|x64.ActiveCfg = Debug|x64
		{4C05C9E0-1453-498D-A9E5-15A94DDBC298}.Debug|x64.Build.0 = Debug|x64
		{4C05C9E0-1453-498D-A9E5-15A94DDBC298}.Release|x64.ActiveCfg = Release|x64
		{4C05C9E0-1453-498D-A9E5-15A94DDBC298}.Release|x64.Build.0 = Release|x64
		{25AE710E-7309-40FB-B002-F40675C8BBCE}.Debug|x64.ActiveCfg = Debug|x64
		{25AE710E-7309-40FB-B002-F40675C8BBCE}.Debug|x64.Build.0 = Debug|x64
		{25AE710E-7309-40FB-B002-F40675C8BBCE}.Release|x64.ActiveCfg = Release|x64
		{25AE710E-7309-40FB-B002-F40675C8BBCE}.Release|x64.Build.0 = Release|x64
		{A36C0A12-CDEF-4CBE-B843-36889F57AEA2}.Debug|x64.ActiveCfg = Debug|x64
		{A36C0A12-CDEF-4CBE-B843-36889F57AEA2}.Debug|x64.Build.0 = Debug|x64
		{A36C0A12-CDEF-4CBE-B843-36889F57AEA2}.Release|x64.ActiveCfg = Release|x64
		{A36C0A12-CDEF-4CBE-B843-36889F57AEA2}.Release|x64.Build.0 = Release|x64
	EndGlobalSection
	GlobalSection(SolutionProperties) = preSolution
		HideSolutionNode = FALSE
	EndGlobalSection
	GlobalSection(ExtensibilityGlobals) = postSolution
		SolutionGuid = {4198A479-8EF8-4C3D-BCC7-702B747E6EE4}
	EndGlobalSection
EndGlobal
