Microsoft Visual Studio Solution File, Format Version 12.00
# Visual Studio 15
VisualStudioVersion = 15.0.27130.2036
MinimumVisualStudioVersion = 10.0.40219.1
Project("{9A19103F-16F7-4668-BE54-9A1E7A4F7556}") = "COMMO.Domain", "COMMO.Domain\COMMO.Domain.csproj", "{B35793DB-F39B-44D4-B67D-0F05C1C42703}"
EndProject
Project("{9A19103F-16F7-4668-BE54-9A1E7A4F7556}") = "COMMO.Network", "COMMO.Network\COMMO.Network.csproj", "{04507B39-02A0-406A-AA97-AC793D6B1374}"
EndProject
Project("{9A19103F-16F7-4668-BE54-9A1E7A4F7556}") = "COMMO.GameServer", "COMMO.GameServer\COMMO.GameServer.csproj", "{726F7F0F-D8FD-4601-9A62-108B0D5F6271}"
EndProject
Project("{9A19103F-16F7-4668-BE54-9A1E7A4F7556}") = "COMMO", "COMMO\COMMO.csproj", "{EC711719-435E-4B7F-B33D-E65C9CE760E7}"
EndProject
Project("{FAE04EC0-301F-11D3-BF4B-00C04F79EFBC}") = "COMMO.Network.Tests", "COMMO.Network.Tests\COMMO.Network.Tests.csproj", "{6D1543C5-6859-47FC-9438-F76707BF7395}"
EndProject
Global
	GlobalSection(SolutionConfigurationPlatforms) = preSolution
		Debug|x64 = Debug|x64
		Release|x64 = Release|x64
	EndGlobalSection
	GlobalSection(ProjectConfigurationPlatforms) = postSolution
		{B35793DB-F39B-44D4-B67D-0F05C1C42703}.Debug|x64.ActiveCfg = Debug|x64
		{B35793DB-F39B-44D4-B67D-0F05C1C42703}.Debug|x64.Build.0 = Debug|x64
		{B35793DB-F39B-44D4-B67D-0F05C1C42703}.Release|x64.ActiveCfg = Debug|x64
		{B35793DB-F39B-44D4-B67D-0F05C1C42703}.Release|x64.Build.0 = Debug|x64
		{04507B39-02A0-406A-AA97-AC793D6B1374}.Debug|x64.ActiveCfg = Debug|x64
		{04507B39-02A0-406A-AA97-AC793D6B1374}.Debug|x64.Build.0 = Debug|x64
		{04507B39-02A0-406A-AA97-AC793D6B1374}.Release|x64.ActiveCfg = Debug|x64
		{04507B39-02A0-406A-AA97-AC793D6B1374}.Release|x64.Build.0 = Debug|x64
		{726F7F0F-D8FD-4601-9A62-108B0D5F6271}.Debug|x64.ActiveCfg = Debug|x64
		{726F7F0F-D8FD-4601-9A62-108B0D5F6271}.Debug|x64.Build.0 = Debug|x64
		{726F7F0F-D8FD-4601-9A62-108B0D5F6271}.Release|x64.ActiveCfg = Debug|x64
		{726F7F0F-D8FD-4601-9A62-108B0D5F6271}.Release|x64.Build.0 = Debug|x64
		{EC711719-435E-4B7F-B33D-E65C9CE760E7}.Debug|x64.ActiveCfg = Debug|x64
		{EC711719-435E-4B7F-B33D-E65C9CE760E7}.Debug|x64.Build.0 = Debug|x64
		{EC711719-435E-4B7F-B33D-E65C9CE760E7}.Release|x64.ActiveCfg = Debug|x64
		{EC711719-435E-4B7F-B33D-E65C9CE760E7}.Release|x64.Build.0 = Debug|x64
		{6D1543C5-6859-47FC-9438-F76707BF7395}.Debug|x64.ActiveCfg = Debug|x64
		{6D1543C5-6859-47FC-9438-F76707BF7395}.Debug|x64.Build.0 = Debug|x64
		{6D1543C5-6859-47FC-9438-F76707BF7395}.Release|x64.ActiveCfg = Debug|x64
		{6D1543C5-6859-47FC-9438-F76707BF7395}.Release|x64.Build.0 = Debug|x64
	EndGlobalSection
	GlobalSection(SolutionProperties) = preSolution
		HideSolutionNode = FALSE
	EndGlobalSection
	GlobalSection(ExtensibilityGlobals) = postSolution
		SolutionGuid = {3CC2F9B4-4E5F-4A77-8401-9ABA5E6FB84F}
	EndGlobalSection
EndGlobal
