
Microsoft Visual Studio Solution File, Format Version 12.00
# Visual Studio 15
VisualStudioVersion = 15.0.27428.1
MinimumVisualStudioVersion = 10.0.40219.1
Project("{9A19103F-16F7-4668-BE54-9A1E7A4F7556}") = "OpenTibia.Data.Contracts", "OpenTibia.Data.Contracts\OpenTibia.Data.Contracts.csproj", "{F776D063-DD6F-43E3-8CA7-0E49D385277A}"
EndProject
Project("{9A19103F-16F7-4668-BE54-9A1E7A4F7556}") = "OpenTibia.Security", "OpenTibia.Security\OpenTibia.Security.csproj", "{077BDC15-9403-48C1-9370-77EC3AA2436F}"
EndProject
Project("{9A19103F-16F7-4668-BE54-9A1E7A4F7556}") = "OpenTibia.Server.Data", "OpenTibia.Server.Data\OpenTibia.Server.Data.csproj", "{C11CE10F-3DF4-4435-8130-DF9FA573C935}"
EndProject
Project("{9A19103F-16F7-4668-BE54-9A1E7A4F7556}") = "OpenTibia.Data", "OpenTibia.Data\OpenTibia.Data.csproj", "{CF5104C6-961E-4226-AE7D-51965D6E14C6}"
EndProject
Project("{9A19103F-16F7-4668-BE54-9A1E7A4F7556}") = "OpenTibia.Server.Utils", "OpenTibia.Server.Utils\OpenTibia.Server.Utils.csproj", "{FC7AF8BE-AC97-4689-8EFD-7103B312BA65}"
EndProject
Project("{9A19103F-16F7-4668-BE54-9A1E7A4F7556}") = "OpenTibia.Configuration", "OpenTibia.Configuration\OpenTibia.Configuration.csproj", "{B7FE78FC-35BD-46F4-B23C-368ABF3EA0DA}"
EndProject
Project("{9A19103F-16F7-4668-BE54-9A1E7A4F7556}") = "OpenTibia.Communications", "OpenTibia.Communications\OpenTibia.Communications.csproj", "{347AEFEE-A4A3-4541-B7EC-19B1506EB5DC}"
EndProject
Project("{9A19103F-16F7-4668-BE54-9A1E7A4F7556}") = "OpenTibia.Server", "OpenTibia.Server\OpenTibia.Server.csproj", "{915295F7-3558-449A-9CC9-02F817320555}"
EndProject
Project("{9A19103F-16F7-4668-BE54-9A1E7A4F7556}") = "OpenTibia.Server.Standalone", "OpenTibia.Server.Standalone\OpenTibia.Server.Standalone.csproj", "{09C8B3A3-0032-484A-82A7-22ED12E5F230}"
EndProject
Project("{9A19103F-16F7-4668-BE54-9A1E7A4F7556}") = "OpenTibia.Scheduling", "OpenTibia.Scheduling\OpenTibia.Scheduling.csproj", "{96AD17E9-2749-4B25-9496-1B03CDAADD4B}"
EndProject
Project("{9A19103F-16F7-4668-BE54-9A1E7A4F7556}") = "OpenTibia.Scheduling.Tests", "OpenTibia.Scheduling.Tests\OpenTibia.Scheduling.Tests.csproj", "{F246DBC2-0838-4654-972C-8AA338188550}"
EndProject
Project("{9A19103F-16F7-4668-BE54-9A1E7A4F7556}") = "OpenTibia.TestUtils", "OpenTibia.TestUtils\OpenTibia.TestUtils.csproj", "{B062CD6A-6C71-41E5-A9BE-CC34DAB889F3}"
EndProject
Project("{9A19103F-16F7-4668-BE54-9A1E7A4F7556}") = "OpenTibia.Scheduling.Contracts", "OpenTibia.Scheduling.Contracts\OpenTibia.Scheduling.Contracts.csproj", "{D9364390-7106-477F-A775-146B9013D613}"
EndProject
Project("{FAE04EC0-301F-11D3-BF4B-00C04F79EFBC}") = "OpenTibia.Server.Parsing", "OpenTibia.Server.Parsing\OpenTibia.Server.Parsing.csproj", "{96F706FE-5077-47FA-89EE-423B8E99F173}"
EndProject
Project("{FAE04EC0-301F-11D3-BF4B-00C04F79EFBC}") = "OpenTibia.Common.Helpers", "OpenTibia.Common.Helpers\OpenTibia.Common.Helpers.csproj", "{B8ABFB06-BC23-40CB-BB6F-5D3C6A6F5401}"
EndProject
Global
	GlobalSection(SolutionConfigurationPlatforms) = preSolution
		Debug|Any CPU = Debug|Any CPU
		Release|Any CPU = Release|Any CPU
	EndGlobalSection
	GlobalSection(ProjectConfigurationPlatforms) = postSolution
		{F776D063-DD6F-43E3-8CA7-0E49D385277A}.Debug|Any CPU.ActiveCfg = Debug|Any CPU
		{F776D063-DD6F-43E3-8CA7-0E49D385277A}.Debug|Any CPU.Build.0 = Debug|Any CPU
		{F776D063-DD6F-43E3-8CA7-0E49D385277A}.Release|Any CPU.ActiveCfg = Release|Any CPU
		{F776D063-DD6F-43E3-8CA7-0E49D385277A}.Release|Any CPU.Build.0 = Release|Any CPU
		{077BDC15-9403-48C1-9370-77EC3AA2436F}.Debug|Any CPU.ActiveCfg = Debug|Any CPU
		{077BDC15-9403-48C1-9370-77EC3AA2436F}.Debug|Any CPU.Build.0 = Debug|Any CPU
		{077BDC15-9403-48C1-9370-77EC3AA2436F}.Release|Any CPU.ActiveCfg = Release|Any CPU
		{077BDC15-9403-48C1-9370-77EC3AA2436F}.Release|Any CPU.Build.0 = Release|Any CPU
		{C11CE10F-3DF4-4435-8130-DF9FA573C935}.Debug|Any CPU.ActiveCfg = Debug|Any CPU
		{C11CE10F-3DF4-4435-8130-DF9FA573C935}.Debug|Any CPU.Build.0 = Debug|Any CPU
		{C11CE10F-3DF4-4435-8130-DF9FA573C935}.Release|Any CPU.ActiveCfg = Release|Any CPU
		{C11CE10F-3DF4-4435-8130-DF9FA573C935}.Release|Any CPU.Build.0 = Release|Any CPU
		{CF5104C6-961E-4226-AE7D-51965D6E14C6}.Debug|Any CPU.ActiveCfg = Debug|Any CPU
		{CF5104C6-961E-4226-AE7D-51965D6E14C6}.Debug|Any CPU.Build.0 = Debug|Any CPU
		{CF5104C6-961E-4226-AE7D-51965D6E14C6}.Release|Any CPU.ActiveCfg = Release|Any CPU
		{CF5104C6-961E-4226-AE7D-51965D6E14C6}.Release|Any CPU.Build.0 = Release|Any CPU
		{FC7AF8BE-AC97-4689-8EFD-7103B312BA65}.Debug|Any CPU.ActiveCfg = Debug|Any CPU
		{FC7AF8BE-AC97-4689-8EFD-7103B312BA65}.Debug|Any CPU.Build.0 = Debug|Any CPU
		{FC7AF8BE-AC97-4689-8EFD-7103B312BA65}.Release|Any CPU.ActiveCfg = Release|Any CPU
		{FC7AF8BE-AC97-4689-8EFD-7103B312BA65}.Release|Any CPU.Build.0 = Release|Any CPU
		{B7FE78FC-35BD-46F4-B23C-368ABF3EA0DA}.Debug|Any CPU.ActiveCfg = Debug|Any CPU
		{B7FE78FC-35BD-46F4-B23C-368ABF3EA0DA}.Debug|Any CPU.Build.0 = Debug|Any CPU
		{B7FE78FC-35BD-46F4-B23C-368ABF3EA0DA}.Release|Any CPU.ActiveCfg = Release|Any CPU
		{B7FE78FC-35BD-46F4-B23C-368ABF3EA0DA}.Release|Any CPU.Build.0 = Release|Any CPU
		{347AEFEE-A4A3-4541-B7EC-19B1506EB5DC}.Debug|Any CPU.ActiveCfg = Debug|Any CPU
		{347AEFEE-A4A3-4541-B7EC-19B1506EB5DC}.Debug|Any CPU.Build.0 = Debug|Any CPU
		{347AEFEE-A4A3-4541-B7EC-19B1506EB5DC}.Release|Any CPU.ActiveCfg = Release|Any CPU
		{347AEFEE-A4A3-4541-B7EC-19B1506EB5DC}.Release|Any CPU.Build.0 = Release|Any CPU
		{915295F7-3558-449A-9CC9-02F817320555}.Debug|Any CPU.ActiveCfg = Debug|Any CPU
		{915295F7-3558-449A-9CC9-02F817320555}.Debug|Any CPU.Build.0 = Debug|Any CPU
		{915295F7-3558-449A-9CC9-02F817320555}.Release|Any CPU.ActiveCfg = Release|Any CPU
		{915295F7-3558-449A-9CC9-02F817320555}.Release|Any CPU.Build.0 = Release|Any CPU
		{09C8B3A3-0032-484A-82A7-22ED12E5F230}.Debug|Any CPU.ActiveCfg = Debug|Any CPU
		{09C8B3A3-0032-484A-82A7-22ED12E5F230}.Debug|Any CPU.Build.0 = Debug|Any CPU
		{09C8B3A3-0032-484A-82A7-22ED12E5F230}.Release|Any CPU.ActiveCfg = Release|Any CPU
		{09C8B3A3-0032-484A-82A7-22ED12E5F230}.Release|Any CPU.Build.0 = Release|Any CPU
		{96AD17E9-2749-4B25-9496-1B03CDAADD4B}.Debug|Any CPU.ActiveCfg = Debug|Any CPU
		{96AD17E9-2749-4B25-9496-1B03CDAADD4B}.Debug|Any CPU.Build.0 = Debug|Any CPU
		{96AD17E9-2749-4B25-9496-1B03CDAADD4B}.Release|Any CPU.ActiveCfg = Release|Any CPU
		{96AD17E9-2749-4B25-9496-1B03CDAADD4B}.Release|Any CPU.Build.0 = Release|Any CPU
		{F246DBC2-0838-4654-972C-8AA338188550}.Debug|Any CPU.ActiveCfg = Debug|Any CPU
		{F246DBC2-0838-4654-972C-8AA338188550}.Debug|Any CPU.Build.0 = Debug|Any CPU
		{F246DBC2-0838-4654-972C-8AA338188550}.Release|Any CPU.ActiveCfg = Release|Any CPU
		{F246DBC2-0838-4654-972C-8AA338188550}.Release|Any CPU.Build.0 = Release|Any CPU
		{B062CD6A-6C71-41E5-A9BE-CC34DAB889F3}.Debug|Any CPU.ActiveCfg = Debug|Any CPU
		{B062CD6A-6C71-41E5-A9BE-CC34DAB889F3}.Debug|Any CPU.Build.0 = Debug|Any CPU
		{B062CD6A-6C71-41E5-A9BE-CC34DAB889F3}.Release|Any CPU.ActiveCfg = Release|Any CPU
		{B062CD6A-6C71-41E5-A9BE-CC34DAB889F3}.Release|Any CPU.Build.0 = Release|Any CPU
		{D9364390-7106-477F-A775-146B9013D613}.Debug|Any CPU.ActiveCfg = Debug|Any CPU
		{D9364390-7106-477F-A775-146B9013D613}.Debug|Any CPU.Build.0 = Debug|Any CPU
		{D9364390-7106-477F-A775-146B9013D613}.Release|Any CPU.ActiveCfg = Release|Any CPU
		{D9364390-7106-477F-A775-146B9013D613}.Release|Any CPU.Build.0 = Release|Any CPU
		{96F706FE-5077-47FA-89EE-423B8E99F173}.Debug|Any CPU.ActiveCfg = Debug|Any CPU
		{96F706FE-5077-47FA-89EE-423B8E99F173}.Debug|Any CPU.Build.0 = Debug|Any CPU
		{96F706FE-5077-47FA-89EE-423B8E99F173}.Release|Any CPU.ActiveCfg = Release|Any CPU
		{96F706FE-5077-47FA-89EE-423B8E99F173}.Release|Any CPU.Build.0 = Release|Any CPU
		{B8ABFB06-BC23-40CB-BB6F-5D3C6A6F5401}.Debug|Any CPU.ActiveCfg = Debug|Any CPU
		{B8ABFB06-BC23-40CB-BB6F-5D3C6A6F5401}.Debug|Any CPU.Build.0 = Debug|Any CPU
		{B8ABFB06-BC23-40CB-BB6F-5D3C6A6F5401}.Release|Any CPU.ActiveCfg = Release|Any CPU
		{B8ABFB06-BC23-40CB-BB6F-5D3C6A6F5401}.Release|Any CPU.Build.0 = Release|Any CPU
	EndGlobalSection
	GlobalSection(SolutionProperties) = preSolution
		HideSolutionNode = FALSE
	EndGlobalSection
	GlobalSection(ExtensibilityGlobals) = postSolution
		SolutionGuid = {4198A479-8EF8-4C3D-BCC7-702B747E6EE4}
	EndGlobalSection
EndGlobal
