
Microsoft Visual Studio Solution File, Format Version 12.00
# Visual Studio 15
VisualStudioVersion = 15.0.27130.2010
MinimumVisualStudioVersion = 10.0.40219.1
Project("{9A19103F-16F7-4668-BE54-9A1E7A4F7556}") = "SharpServer", "SharpServer\SharpServer.csproj", "{1A56E43D-E26F-4E5D-8678-47A775D99BD2}"
EndProject
Project("{FAE04EC0-301F-11D3-BF4B-00C04F79EFBC}") = "SharpServer.Server", "src\SharpServer.Server\SharpServer.Server.csproj", "{396A7580-CAF5-4D9B-A000-2F28B770E3E4}"
EndProject
Project("{FAE04EC0-301F-11D3-BF4B-00C04F79EFBC}") = "SharpServer.Domain", "src\SharpServer.Domain\SharpServer.Domain.csproj", "{B34A8383-31E6-43C6-930C-2CF07A713BCA}"
EndProject
Project("{FAE04EC0-301F-11D3-BF4B-00C04F79EFBC}") = "SharpServer.Database", "src\SharpServer.Database\SharpServer.Database.csproj", "{DDDCE3CC-CF90-46BE-ABA3-189D7BFE0295}"
EndProject
Global
	GlobalSection(SolutionConfigurationPlatforms) = preSolution
		Debug|Any CPU = Debug|Any CPU
		Debug|x64 = Debug|x64
		Release|Any CPU = Release|Any CPU
		Release|x64 = Release|x64
	EndGlobalSection
	GlobalSection(ProjectConfigurationPlatforms) = postSolution
		{1A56E43D-E26F-4E5D-8678-47A775D99BD2}.Debug|Any CPU.ActiveCfg = Debug|Any CPU
		{1A56E43D-E26F-4E5D-8678-47A775D99BD2}.Debug|Any CPU.Build.0 = Debug|Any CPU
		{1A56E43D-E26F-4E5D-8678-47A775D99BD2}.Debug|x64.ActiveCfg = Debug|x64
		{1A56E43D-E26F-4E5D-8678-47A775D99BD2}.Debug|x64.Build.0 = Debug|x64
		{1A56E43D-E26F-4E5D-8678-47A775D99BD2}.Release|Any CPU.ActiveCfg = Release|Any CPU
		{1A56E43D-E26F-4E5D-8678-47A775D99BD2}.Release|Any CPU.Build.0 = Release|Any CPU
		{1A56E43D-E26F-4E5D-8678-47A775D99BD2}.Release|x64.ActiveCfg = Release|x64
		{1A56E43D-E26F-4E5D-8678-47A775D99BD2}.Release|x64.Build.0 = Release|x64
		{396A7580-CAF5-4D9B-A000-2F28B770E3E4}.Debug|Any CPU.ActiveCfg = Debug|Any CPU
		{396A7580-CAF5-4D9B-A000-2F28B770E3E4}.Debug|Any CPU.Build.0 = Debug|Any CPU
		{396A7580-CAF5-4D9B-A000-2F28B770E3E4}.Debug|x64.ActiveCfg = Debug|Any CPU
		{396A7580-CAF5-4D9B-A000-2F28B770E3E4}.Debug|x64.Build.0 = Debug|Any CPU
		{396A7580-CAF5-4D9B-A000-2F28B770E3E4}.Release|Any CPU.ActiveCfg = Release|Any CPU
		{396A7580-CAF5-4D9B-A000-2F28B770E3E4}.Release|Any CPU.Build.0 = Release|Any CPU
		{396A7580-CAF5-4D9B-A000-2F28B770E3E4}.Release|x64.ActiveCfg = Release|Any CPU
		{396A7580-CAF5-4D9B-A000-2F28B770E3E4}.Release|x64.Build.0 = Release|Any CPU
		{B34A8383-31E6-43C6-930C-2CF07A713BCA}.Debug|Any CPU.ActiveCfg = Debug|Any CPU
		{B34A8383-31E6-43C6-930C-2CF07A713BCA}.Debug|Any CPU.Build.0 = Debug|Any CPU
		{B34A8383-31E6-43C6-930C-2CF07A713BCA}.Debug|x64.ActiveCfg = Debug|Any CPU
		{B34A8383-31E6-43C6-930C-2CF07A713BCA}.Debug|x64.Build.0 = Debug|Any CPU
		{B34A8383-31E6-43C6-930C-2CF07A713BCA}.Release|Any CPU.ActiveCfg = Release|Any CPU
		{B34A8383-31E6-43C6-930C-2CF07A713BCA}.Release|Any CPU.Build.0 = Release|Any CPU
		{B34A8383-31E6-43C6-930C-2CF07A713BCA}.Release|x64.ActiveCfg = Release|Any CPU
		{B34A8383-31E6-43C6-930C-2CF07A713BCA}.Release|x64.Build.0 = Release|Any CPU
		{DDDCE3CC-CF90-46BE-ABA3-189D7BFE0295}.Debug|Any CPU.ActiveCfg = Debug|Any CPU
		{DDDCE3CC-CF90-46BE-ABA3-189D7BFE0295}.Debug|Any CPU.Build.0 = Debug|Any CPU
		{DDDCE3CC-CF90-46BE-ABA3-189D7BFE0295}.Debug|x64.ActiveCfg = Debug|Any CPU
		{DDDCE3CC-CF90-46BE-ABA3-189D7BFE0295}.Debug|x64.Build.0 = Debug|Any CPU
		{DDDCE3CC-CF90-46BE-ABA3-189D7BFE0295}.Release|Any CPU.ActiveCfg = Release|Any CPU
		{DDDCE3CC-CF90-46BE-ABA3-189D7BFE0295}.Release|Any CPU.Build.0 = Release|Any CPU
		{DDDCE3CC-CF90-46BE-ABA3-189D7BFE0295}.Release|x64.ActiveCfg = Release|Any CPU
		{DDDCE3CC-CF90-46BE-ABA3-189D7BFE0295}.Release|x64.Build.0 = Release|Any CPU
	EndGlobalSection
	GlobalSection(SolutionProperties) = preSolution
		HideSolutionNode = FALSE
	EndGlobalSection
	GlobalSection(ExtensibilityGlobals) = postSolution
		SolutionGuid = {3CC2F9B4-4E5F-4A77-8401-9ABA5E6FB84F}
	EndGlobalSection
EndGlobal
